# THIS IS AN AUTOGENERATED FILE. DO NOT EDIT THIS FILE DIRECTLY.
# yarn lockfile v1


"@octokit/rest@^14.0.9":
  version "14.0.9"
  resolved "https://registry.yarnpkg.com/@octokit/rest/-/rest-14.0.9.tgz#d5e0a00dcb78901dd7b2ef852acfc0aea7c479ef"
  dependencies:
    before-after-hook "^1.1.0"
    debug "^3.1.0"
    is-array-buffer "^1.0.0"
    is-stream "^1.1.0"
    lodash "^4.17.4"
    url-template "^2.0.8"

"@types/node@^9.4.6":
  version "9.4.6"
  resolved "https://registry.yarnpkg.com/@types/node/-/node-9.4.6.tgz#d8176d864ee48753d053783e4e463aec86b8d82e"

before-after-hook@^1.1.0:
  version "1.1.0"
  resolved "https://registry.yarnpkg.com/before-after-hook/-/before-after-hook-1.1.0.tgz#83165e15a59460d13702cb8febd6a1807896db5a"

debug@^3.1.0:
  version "3.1.0"
  resolved "https://registry.yarnpkg.com/debug/-/debug-3.1.0.tgz#5bb5a0672628b64149566ba16819e61518c67261"
  dependencies:
    ms "2.0.0"

is-array-buffer@^1.0.0:
  version "1.0.0"
  resolved "https://registry.yarnpkg.com/is-array-buffer/-/is-array-buffer-1.0.0.tgz#f32497a0509d109423f472003f98bab6a8ea34cb"

is-stream@^1.1.0:
  version "1.1.0"
  resolved "https://registry.yarnpkg.com/is-stream/-/is-stream-1.1.0.tgz#12d4a3dd4e68e0b79ceb8dbc84173ae80d91ca44"

lodash@^4.17.4:
  version "4.17.5"
  resolved "https://registry.yarnpkg.com/lodash/-/lodash-4.17.5.tgz#99a92d65c0272debe8c96b6057bc8fbfa3bed511"

ms@2.0.0:
  version "2.0.0"
  resolved "https://registry.yarnpkg.com/ms/-/ms-2.0.0.tgz#5608aeadfc00be6c2901df5f9861788de0d597c8"

reg-suit-interface@^0.7.0:
  version "0.7.0"
  resolved "https://registry.yarnpkg.com/reg-suit-interface/-/reg-suit-interface-0.7.0.tgz#00b9ea11929647aa445423027ba3126b6d25f424"

typescript@^2.7.2:
  version "2.7.2"
  resolved "https://registry.yarnpkg.com/typescript/-/typescript-2.7.2.tgz#2d615a1ef4aee4f574425cdff7026edf81919836"

url-template@^2.0.8:
  version "2.0.8"
  resolved "https://registry.yarnpkg.com/url-template/-/url-template-2.0.8.tgz#fc565a3cccbff7730c775f5641f9555791439f21"
